
Microsoft Visual Studio Solution File, Format Version 12.00
# Visual Studio Version 16
VisualStudioVersion = 16.0.29009.5
MinimumVisualStudioVersion = 10.0.40219.1
Project("{FAE04EC0-301F-11D3-BF4B-00C04F79EFBC}") = "ServiceConcentParseMesUZ", "ServiceConcentParseMesUZ.csproj", "{965FC350-71EF-4DF5-BAC4-E129503C7CF5}"
EndProject
Global
	GlobalSection(SolutionConfigurationPlatforms) = preSolution
		Debug|Any CPU = Debug|Any CPU
		Release|Any CPU = Release|Any CPU
	EndGlobalSection
	GlobalSection(ProjectConfigurationPlatforms) = postSolution
		{965FC350-71EF-4DF5-BAC4-E129503C7CF5}.Debug|Any CPU.ActiveCfg = Debug|Any CPU
		{965FC350-71EF-4DF5-BAC4-E129503C7CF5}.Debug|Any CPU.Build.0 = Debug|Any CPU
		{965FC350-71EF-4DF5-BAC4-E129503C7CF5}.Release|Any CPU.ActiveCfg = Release|Any CPU
		{965FC350-71EF-4DF5-BAC4-E129503C7CF5}.Release|Any CPU.Build.0 = Release|Any CPU
	EndGlobalSection
	GlobalSection(SolutionProperties) = preSolution
		HideSolutionNode = FALSE
	EndGlobalSection
	GlobalSection(ExtensibilityGlobals) = postSolution
		SolutionGuid = {B1E99953-26B7-49F3-8CF9-790415C8C238}
	EndGlobalSection
EndGlobal
